// !$*UTF8*$!
{
	archiveVersion = 1;
	classes = {
	};
	objectVersion = 48;
	objects = {

/* Begin PBXBuildFile section */
		7EBCBEE520313D9000078CC6 /* AppDelegate.m in Sources */ = {isa = PBXBuildFile; fileRef = 7EBCBEE420313D9000078CC6 /* AppDelegate.m */; };
		7EBCBEE820313D9000078CC6 /* ViewController.m in Sources */ = {isa = PBXBuildFile; fileRef = 7EBCBEE720313D9000078CC6 /* ViewController.m */; };
		7EBCBEEB20313D9000078CC6 /* Main.storyboard in Resources */ = {isa = PBXBuildFile; fileRef = 7EBCBEE920313D9000078CC6 /* Main.storyboard */; };
		7EBCBEED20313D9000078CC6 /* Assets.xcassets in Resources */ = {isa = PBXBuildFile; fileRef = 7EBCBEEC20313D9000078CC6 /* Assets.xcassets */; };
		7EBCBEF020313D9000078CC6 /* LaunchScreen.storyboard in Resources */ = {isa = PBXBuildFile; fileRef = 7EBCBEEE20313D9000078CC6 /* LaunchScreen.storyboard */; };
		7EBCBEF320313D9000078CC6 /* main.m in Sources */ = {isa = PBXBuildFile; fileRef = 7EBCBEF220313D9000078CC6 /* main.m */; };
		7EBCBEFB2031402B00078CC6 /* courses.plist in Resources */ = {isa = PBXBuildFile; fileRef = 7EBCBEFA2031402B00078CC6 /* courses.plist */; };
		7EBCBEFD2034ABC100078CC6 /* courses_web.plist in Resources */ = {isa = PBXBuildFile; fileRef = 7EBCBEFC2034ABC100078CC6 /* courses_web.plist */; };
/* End PBXBuildFile section */

/* Begin PBXFileReference section */
		7EBCBEE020313D9000078CC6 /* LoadingPlistCh7.app */ = {isa = PBXFileReference; explicitFileType = wrapper.application; includeInIndex = 0; path = LoadingPlistCh7.app; sourceTree = BUILT_PRODUCTS_DIR; };
		7EBCBEE320313D9000078CC6 /* AppDelegate.h */ = {isa = PBXFileReference; lastKnownFileType = sourcecode.c.h; path = AppDelegate.h; sourceTree = "<group>"; };
		7EBCBEE420313D9000078CC6 /* AppDelegate.m */ = {isa = PBXFileReference; lastKnownFileType = sourcecode.c.objc; path = AppDelegate.m; sourceTree = "<group>"; };
		7EBCBEE620313D9000078CC6 /* ViewController.h */ = {isa = PBXFileReference; lastKnownFileType = sourcecode.c.h; path = ViewController.h; sourceTree = "<group>"; };
		7EBCBEE720313D9000078CC6 /* ViewController.m */ = {isa = PBXFileReference; lastKnownFileType = sourcecode.c.objc; path = ViewController.m; sourceTree = "<group>"; };
		7EBCBEEA20313D9000078CC6 /* Base */ = {isa = PBXFileReference; lastKnownFileType = file.storyboard; name = Base; path = Base.lproj/Main.storyboard; sourceTree = "<group>"; };
		7EBCBEEC20313D9000078CC6 /* Assets.xcassets */ = {isa = PBXFileReference; lastKnownFileType = folder.assetcatalog; path = Assets.xcassets; sourceTree = "<group>"; };
		7EBCBEEF20313D9000078CC6 /* Base */ = {isa = PBXFileReference; lastKnownFileType = file.storyboard; name = Base; path = Base.lproj/LaunchScreen.storyboard; sourceTree = "<group>"; };
		7EBCBEF120313D9000078CC6 /* Info.plist */ = {isa = PBXFileReference; lastKnownFileType = text.plist.xml; path = Info.plist; sourceTree = "<group>"; };
		7EBCBEF220313D9000078CC6 /* main.m */ = {isa = PBXFileReference; lastKnownFileType = sourcecode.c.objc; path = main.m; sourceTree = "<group>"; };
		7EBCBEFA2031402B00078CC6 /* courses.plist */ = {isa = PBXFileReference; fileEncoding = 4; lastKnownFileType = text.plist.xml; path = courses.plist; sourceTree = "<group>"; };
		7EBCBEFC2034ABC100078CC6 /* courses_web.plist */ = {isa = PBXFileReference; fileEncoding = 4; lastKnownFileType = text.plist.xml; path = courses_web.plist; sourceTree = "<group>"; };
/* End PBXFileReference section */

/* Begin PBXFrameworksBuildPhase section */
		7EBCBEDD20313D9000078CC6 /* Frameworks */ = {
			isa = PBXFrameworksBuildPhase;
			buildActionMask = 2147483647;
			files = (
			);
			runOnlyForDeploymentPostprocessing = 0;
		};
/* End PBXFrameworksBuildPhase section */

/* Begin PBXGroup section */
		7EBCBED720313D9000078CC6 = {
			isa = PBXGroup;
			children = (
				7EBCBEE220313D9000078CC6 /* LoadingPlistCh7 */,
				7EBCBEE120313D9000078CC6 /* Products */,
			);
			sourceTree = "<group>";
		};
		7EBCBEE120313D9000078CC6 /* Products */ = {
			isa = PBXGroup;
			children = (
				7EBCBEE020313D9000078CC6 /* LoadingPlistCh7.app */,
			);
			name = Products;
			sourceTree = "<group>";
		};
		7EBCBEE220313D9000078CC6 /* LoadingPlistCh7 */ = {
			isa = PBXGroup;
			children = (
				7EBCBEE320313D9000078CC6 /* AppDelegate.h */,
				7EBCBEE420313D9000078CC6 /* AppDelegate.m */,
				7EBCBEE720313D9000078CC6 /* ViewController.m */,
				7EBCBEE620313D9000078CC6 /* ViewController.h */,
				7EBCBEE920313D9000078CC6 /* Main.storyboard */,
				7EBCBEEC20313D9000078CC6 /* Assets.xcassets */,
				7EBCBEEE20313D9000078CC6 /* LaunchScreen.storyboard */,
				7EBCBEF120313D9000078CC6 /* Info.plist */,
				7EBCBEF220313D9000078CC6 /* main.m */,
				7EBCBEFA2031402B00078CC6 /* courses.plist */,
				7EBCBEFC2034ABC100078CC6 /* courses_web.plist */,
				7EBCBEF920313FDF00078CC6 /* Supporting Files */,
			);
			path = LoadingPlistCh7;
			sourceTree = "<group>";
		};
		7EBCBEF920313FDF00078CC6 /* Supporting Files */ = {
			isa = PBXGroup;
			children = (
			);
			path = "Supporting Files";
			sourceTree = "<group>";
		};
/* End PBXGroup section */

/* Begin PBXNativeTarget section */
		7EBCBEDF20313D9000078CC6 /* LoadingPlistCh7 */ = {
			isa = PBXNativeTarget;
			buildConfigurationList = 7EBCBEF620313D9000078CC6 /* Build configuration list for PBXNativeTarget "LoadingPlistCh7" */;
			buildPhases = (
				7EBCBEDC20313D9000078CC6 /* Sources */,
				7EBCBEDD20313D9000078CC6 /* Frameworks */,
				7EBCBEDE20313D9000078CC6 /* Resources */,
			);
			buildRules = (
			);
			dependencies = (
			);
			name = LoadingPlistCh7;
			productName = LoadingPlistCh7;
			productReference = 7EBCBEE020313D9000078CC6 /* LoadingPlistCh7.app */;
			productType = "com.apple.product-type.application";
		};
/* End PBXNativeTarget section */

/* Begin PBXProject section */
		7EBCBED820313D9000078CC6 /* Project object */ = {
			isa = PBXProject;
			attributes = {
				LastUpgradeCheck = 0910;
				ORGANIZATIONNAME = "Kate Sohng";
				TargetAttributes = {
					7EBCBEDF20313D9000078CC6 = {
						CreatedOnToolsVersion = 9.1;
						ProvisioningStyle = Automatic;
					};
				};
			};
			buildConfigurationList = 7EBCBEDB20313D9000078CC6 /* Build configuration list for PBXProject "LoadingPlistCh7" */;
			compatibilityVersion = "Xcode 8.0";
			developmentRegion = en;
			hasScannedForEncodings = 0;
			knownRegions = (
				en,
				Base,
			);
			mainGroup = 7EBCBED720313D9000078CC6;
			productRefGroup = 7EBCBEE120313D9000078CC6 /* Products */;
			projectDirPath = "";
			projectRoot = "";
			targets = (
				7EBCBEDF20313D9000078CC6 /* LoadingPlistCh7 */,
			);
		};
/* End PBXProject section */

/* Begin PBXResourcesBuildPhase section */
		7EBCBEDE20313D9000078CC6 /* Resources */ = {
			isa = PBXResourcesBuildPhase;
			buildActionMask = 2147483647;
			files = (
				7EBCBEF020313D9000078CC6 /* LaunchScreen.storyboard in Resources */,
				7EBCBEED20313D9000078CC6 /* Assets.xcassets in Resources */,
				7EBCBEEB20313D9000078CC6 /* Main.storyboard in Resources */,
				7EBCBEFB2031402B00078CC6 /* courses.plist in Resources */,
				7EBCBEFD2034ABC100078CC6 /* courses_web.plist in Resources */,
			);
			runOnlyForDeploymentPostprocessing = 0;
		};
/* End PBXResourcesBuildPhase section */

/* Begin PBXSourcesBuildPhase section */
		7EBCBEDC20313D9000078CC6 /* Sources */ = {
			isa = PBXSourcesBuildPhase;
			buildActionMask = 2147483647;
			files = (
				7EBCBEE820313D9000078CC6 /* ViewController.m in Sources */,
				7EBCBEF320313D9000078CC6 /* main.m in Sources */,
				7EBCBEE520313D9000078CC6 /* AppDelegate.m in Sources */,
			);
			runOnlyForDeploymentPostprocessing = 0;
		};
/* End PBXSourcesBuildPhase section */

/* Begin PBXVariantGroup section */
		7EBCBEE920313D9000078CC6 /* Main.storyboard */ = {
			isa = PBXVariantGroup;
			children = (
				7EBCBEEA20313D9000078CC6 /* Base */,
			);
			name = Main.storyboard;
			sourceTree = "<group>";
		};
		7EBCBEEE20313D9000078CC6 /* LaunchScreen.storyboard */ = {
			isa = PBXVariantGroup;
			children = (
				7EBCBEEF20313D9000078CC6 /* Base */,
			);
			name = LaunchScreen.storyboard;
			sourceTree = "<group>";
		};
/* End PBXVariantGroup section */

/* Begin XCBuildConfiguration section */
		7EBCBEF420313D9000078CC6 /* Debug */ = {
			isa = XCBuildConfiguration;
			buildSettings = {
				ALWAYS_SEARCH_USER_PATHS = NO;
				CLANG_ANALYZER_NONNULL = YES;
				CLANG_ANALYZER_NUMBER_OBJECT_CONVERSION = YES_AGGRESSIVE;
				CLANG_CXX_LANGUAGE_STANDARD = "gnu++14";
				CLANG_CXX_LIBRARY = "libc++";
				CLANG_ENABLE_MODULES = YES;
				CLANG_ENABLE_OBJC_ARC = YES;
				CLANG_WARN_BLOCK_CAPTURE_AUTORELEASING = YES;
				CLANG_WARN_BOOL_CONVERSION = YES;
				CLANG_WARN_COMMA = YES;
				CLANG_WARN_CONSTANT_CONVERSION = YES;
				CLANG_WARN_DIRECT_OBJC_ISA_USAGE = YES_ERROR;
				CLANG_WARN_DOCUMENTATION_COMMENTS = YES;
				CLANG_WARN_EMPTY_BODY = YES;
				CLANG_WARN_ENUM_CONVERSION = YES;
				CLANG_WARN_INFINITE_RECURSION = YES;
				CLANG_WARN_INT_CONVERSION = YES;
				CLANG_WARN_NON_LITERAL_NULL_CONVERSION = YES;
				CLANG_WARN_OBJC_LITERAL_CONVERSION = YES;
				CLANG_WARN_OBJC_ROOT_CLASS = YES_ERROR;
				CLANG_WARN_RANGE_LOOP_ANALYSIS = YES;
				CLANG_WARN_STRICT_PROTOTYPES = YES;
				CLANG_WARN_SUSPICIOUS_MOVE = YES;
				CLANG_WARN_UNGUARDED_AVAILABILITY = YES_AGGRESSIVE;
				CLANG_WARN_UNREACHABLE_CODE = YES;
				CLANG_WARN__DUPLICATE_METHOD_MATCH = YES;
				CODE_SIGN_IDENTITY = "iPhone Developer";
				COPY_PHASE_STRIP = NO;
				DEBUG_INFORMATION_FORMAT = dwarf;
				ENABLE_STRICT_OBJC_MSGSEND = YES;
				ENABLE_TESTABILITY = YES;
				GCC_C_LANGUAGE_STANDARD = gnu11;
				GCC_DYNAMIC_NO_PIC = NO;
				GCC_NO_COMMON_BLOCKS = YES;
				GCC_OPTIMIZATION_LEVEL = 0;
				GCC_PREPROCESSOR_DEFINITIONS = (
					"DEBUG=1",
					"$(inherited)",
				);
				GCC_WARN_64_TO_32_BIT_CONVERSION = YES;
				GCC_WARN_ABOUT_RETURN_TYPE = YES_ERROR;
				GCC_WARN_UNDECLARED_SELECTOR = YES;
				GCC_WARN_UNINITIALIZED_AUTOS = YES_AGGRESSIVE;
				GCC_WARN_UNUSED_FUNCTION = YES;
				GCC_WARN_UNUSED_VARIABLE = YES;
				IPHONEOS_DEPLOYMENT_TARGET = 11.1;
				MTL_ENABLE_DEBUG_INFO = YES;
				ONLY_ACTIVE_ARCH = YES;
				SDKROOT = iphoneos;
			};
			name = Debug;
		};
		7EBCBEF520313D9000078CC6 /* Release */ = {
			isa = XCBuildConfiguration;
			buildSettings = {
				ALWAYS_SEARCH_USER_PATHS = NO;
				CLANG_ANALYZER_NONNULL = YES;
				CLANG_ANALYZER_NUMBER_OBJECT_CONVERSION = YES_AGGRESSIVE;
				CLANG_CXX_LANGUAGE_STANDARD = "gnu++14";
				CLANG_CXX_LIBRARY = "libc++";
				CLANG_ENABLE_MODULES = YES;
				CLANG_ENABLE_OBJC_ARC = YES;
				CLANG_WARN_BLOCK_CAPTURE_AUTORELEASING = YES;
				CLANG_WARN_BOOL_CONVERSION = YES;
				CLANG_WARN_COMMA = YES;
				CLANG_WARN_CONSTANT_CONVERSION = YES;
				CLANG_WARN_DIRECT_OBJC_ISA_USAGE = YES_ERROR;
				CLANG_WARN_DOCUMENTATION_COMMENTS = YES;
				CLANG_WARN_EMPTY_BODY = YES;
				CLANG_WARN_ENUM_CONVERSION = YES;
				CLANG_WARN_INFINITE_RECURSION = YES;
				CLANG_WARN_INT_CONVERSION = YES;
				CLANG_WARN_NON_LITERAL_NULL_CONVERSION = YES;
				CLANG_WARN_OBJC_LITERAL_CONVERSION = YES;
				CLANG_WARN_OBJC_ROOT_CLASS = YES_ERROR;
				CLANG_WARN_RANGE_LOOP_ANALYSIS = YES;
				CLANG_WARN_STRICT_PROTOTYPES = YES;
				CLANG_WARN_SUSPICIOUS_MOVE = YES;
				CLANG_WARN_UNGUARDED_AVAILABILITY = YES_AGGRESSIVE;
				CLANG_WARN_UNREACHABLE_CODE = YES;
				CLANG_WARN__DUPLICATE_METHOD_MATCH = YES;
				CODE_SIGN_IDENTITY = "iPhone Developer";
				COPY_PHASE_STRIP = NO;
				DEBUG_INFORMATION_FORMAT = "dwarf-with-dsym";
				ENABLE_NS_ASSERTIONS = NO;
				ENABLE_STRICT_OBJC_MSGSEND = YES;
				GCC_C_LANGUAGE_STANDARD = gnu11;
				GCC_NO_COMMON_BLOCKS = YES;
				GCC_WARN_64_TO_32_BIT_CONVERSION = YES;
				GCC_WARN_ABOUT_RETURN_TYPE = YES_ERROR;
				GCC_WARN_UNDECLARED_SELECTOR = YES;
				GCC_WARN_UNINITIALIZED_AUTOS = YES_AGGRESSIVE;
				GCC_WARN_UNUSED_FUNCTION = YES;
				GCC_WARN_UNUSED_VARIABLE = YES;
				IPHONEOS_DEPLOYMENT_TARGET = 11.1;
				MTL_ENABLE_DEBUG_INFO = NO;
				SDKROOT = iphoneos;
				VALIDATE_PRODUCT = YES;
			};
			name = Release;
		};
		7EBCBEF720313D9000078CC6 /* Debug */ = {
			isa = XCBuildConfiguration;
			buildSettings = {
				ASSETCATALOG_COMPILER_APPICON_NAME = AppIcon;
				CODE_SIGN_STYLE = Automatic;
				INFOPLIST_FILE = LoadingPlistCh7/Info.plist;
				LD_RUNPATH_SEARCH_PATHS = "$(inherited) @executable_path/Frameworks";
				PRODUCT_BUNDLE_IDENTIFIER = com.katesohng.LoadingPlistCh7;
				PRODUCT_NAME = "$(TARGET_NAME)";
				TARGETED_DEVICE_FAMILY = "1,2";
			};
			name = Debug;
		};
		7EBCBEF820313D9000078CC6 /* Release */ = {
			isa = XCBuildConfiguration;
			buildSettings = {
				ASSETCATALOG_COMPILER_APPICON_NAME = AppIcon;
				CODE_SIGN_STYLE = Automatic;
				INFOPLIST_FILE = LoadingPlistCh7/Info.plist;
				LD_RUNPATH_SEARCH_PATHS = "$(inherited) @executable_path/Frameworks";
				PRODUCT_BUNDLE_IDENTIFIER = com.katesohng.LoadingPlistCh7;
				PRODUCT_NAME = "$(TARGET_NAME)";
				TARGETED_DEVICE_FAMILY = "1,2";
			};
			name = Release;
		};
/* End XCBuildConfiguration section */

/* Begin XCConfigurationList section */
		7EBCBEDB20313D9000078CC6 /* Build configuration list for PBXProject "LoadingPlistCh7" */ = {
			isa = XCConfigurationList;
			buildConfigurations = (
				7EBCBEF420313D9000078CC6 /* Debug */,
				7EBCBEF520313D9000078CC6 /* Release */,
			);
			defaultConfigurationIsVisible = 0;
			defaultConfigurationName = Release;
		};
		7EBCBEF620313D9000078CC6 /* Build configuration list for PBXNativeTarget "LoadingPlistCh7" */ = {
			isa = XCConfigurationList;
			buildConfigurations = (
				7EBCBEF720313D9000078CC6 /* Debug */,
				7EBCBEF820313D9000078CC6 /* Release */,
			);
			defaultConfigurationIsVisible = 0;
			defaultConfigurationName = Release;
		};
/* End XCConfigurationList section */
	};
	rootObject = 7EBCBED820313D9000078CC6 /* Project object */;
}
